
Microsoft Visual Studio Solution File, Format Version 12.00
# Visual Studio Version 17
VisualStudioVersion = 17.4.33020.496
MinimumVisualStudioVersion = 10.0.40219.1
Project("{FAE04EC0-301F-11D3-BF4B-00C04F79EFBC}") = "EuroPlitka", "EuroPlitka\EuroPlitka.csproj", "{7A852288-403E-474D-8E75-1C02D72ADF53}"
EndProject
Project("{FAE04EC0-301F-11D3-BF4B-00C04F79EFBC}") = "EuroPlitka_Model", "EuroPlitka_Model\EuroPlitka_Model.csproj", "{254BD340-23C2-45AC-AE4E-F3BC4493BE90}"
EndProject
Project("{FAE04EC0-301F-11D3-BF4B-00C04F79EFBC}") = "EuroPlitka_DataAccess", "EuroPlitka_DataAccess\EuroPlitka_DataAccess.csproj", "{C667FD81-59B3-459B-B2C4-AE9119FB52D6}"
EndProject
Project("{FAE04EC0-301F-11D3-BF4B-00C04F79EFBC}") = "EuroPlitka_Services", "EuroPlitka_Services\EuroPlitka_Services.csproj", "{83C482DD-20B0-4B43-BD16-408CBF8E4F8C}"
EndProject
Global
	GlobalSection(SolutionConfigurationPlatforms) = preSolution
		Debug|Any CPU = Debug|Any CPU
		Release|Any CPU = Release|Any CPU
	EndGlobalSection
	GlobalSection(ProjectConfigurationPlatforms) = postSolution
		{7A852288-403E-474D-8E75-1C02D72ADF53}.Debug|Any CPU.ActiveCfg = Debug|Any CPU
		{7A852288-403E-474D-8E75-1C02D72ADF53}.Debug|Any CPU.Build.0 = Debug|Any CPU
		{7A852288-403E-474D-8E75-1C02D72ADF53}.Release|Any CPU.ActiveCfg = Release|Any CPU
		{7A852288-403E-474D-8E75-1C02D72ADF53}.Release|Any CPU.Build.0 = Release|Any CPU
		{254BD340-23C2-45AC-AE4E-F3BC4493BE90}.Debug|Any CPU.ActiveCfg = Debug|Any CPU
		{254BD340-23C2-45AC-AE4E-F3BC4493BE90}.Debug|Any CPU.Build.0 = Debug|Any CPU
		{254BD340-23C2-45AC-AE4E-F3BC4493BE90}.Release|Any CPU.ActiveCfg = Release|Any CPU
		{254BD340-23C2-45AC-AE4E-F3BC4493BE90}.Release|Any CPU.Build.0 = Release|Any CPU
		{C667FD81-59B3-459B-B2C4-AE9119FB52D6}.Debug|Any CPU.ActiveCfg = Debug|Any CPU
		{C667FD81-59B3-459B-B2C4-AE9119FB52D6}.Debug|Any CPU.Build.0 = Debug|Any CPU
		{C667FD81-59B3-459B-B2C4-AE9119FB52D6}.Release|Any CPU.ActiveCfg = Release|Any CPU
		{C667FD81-59B3-459B-B2C4-AE9119FB52D6}.Release|Any CPU.Build.0 = Release|Any CPU
		{83C482DD-20B0-4B43-BD16-408CBF8E4F8C}.Debug|Any CPU.ActiveCfg = Debug|Any CPU
		{83C482DD-20B0-4B43-BD16-408CBF8E4F8C}.Debug|Any CPU.Build.0 = Debug|Any CPU
		{83C482DD-20B0-4B43-BD16-408CBF8E4F8C}.Release|Any CPU.ActiveCfg = Release|Any CPU
		{83C482DD-20B0-4B43-BD16-408CBF8E4F8C}.Release|Any CPU.Build.0 = Release|Any CPU
	EndGlobalSection
	GlobalSection(SolutionProperties) = preSolution
		HideSolutionNode = FALSE
	EndGlobalSection
	GlobalSection(ExtensibilityGlobals) = postSolution
		SolutionGuid = {1F8A4E6B-E648-4CFE-9223-2B190F78BD21}
	EndGlobalSection
EndGlobal
